// !$*UTF8*$!
{
	archiveVersion = 1;
	classes = {
	};
	objectVersion = 50;
	objects = {

/* Begin PBXBuildFile section */
		EFF08DEE2670C81C00770F3C /* WidgetKit.framework in Frameworks */ = {isa = PBXBuildFile; fileRef = EFF08DED2670C81C00770F3C /* WidgetKit.framework */; };
		EFF08DF02670C81C00770F3C /* SwiftUI.framework in Frameworks */ = {isa = PBXBuildFile; fileRef = EFF08DEF2670C81C00770F3C /* SwiftUI.framework */; };
		EFF08DF32670C81C00770F3C /* widget.swift in Sources */ = {isa = PBXBuildFile; fileRef = EFF08DF22670C81C00770F3C /* widget.swift */; };
		EFF08DF62670C81D00770F3C /* Assets.xcassets in Resources */ = {isa = PBXBuildFile; fileRef = EFF08DF52670C81D00770F3C /* Assets.xcassets */; };
		EFF08DF82670C81D00770F3C /* widget.intentdefinition in Sources */ = {isa = PBXBuildFile; fileRef = EFF08DF42670C81C00770F3C /* widget.intentdefinition */; };
		EFF08DF92670C81D00770F3C /* widget.intentdefinition in Sources */ = {isa = PBXBuildFile; fileRef = EFF08DF42670C81C00770F3C /* widget.intentdefinition */; };
		EFF08DFC2670C81D00770F3C /* widgetExtension.appex in Embed App Extensions */ = {isa = PBXBuildFile; fileRef = EFF08DEC2670C81C00770F3C /* widgetExtension.appex */; settings = {ATTRIBUTES = (RemoveHeadersOnCopy, ); }; };
		EFF08E032670D0D400770F3C /* BaterryView.swift in Sources */ = {isa = PBXBuildFile; fileRef = EFF08E022670D0D400770F3C /* BaterryView.swift */; };
		EFF08E042670D0D400770F3C /* BaterryView.swift in Sources */ = {isa = PBXBuildFile; fileRef = EFF08E022670D0D400770F3C /* BaterryView.swift */; };
		EFF08E052670D0D400770F3C /* BaterryView.swift in Sources */ = {isa = PBXBuildFile; fileRef = EFF08E022670D0D400770F3C /* BaterryView.swift */; };
		EFF08E072670D64900770F3C /* UIDevice+Extension.swift in Sources */ = {isa = PBXBuildFile; fileRef = EFF08E062670D64900770F3C /* UIDevice+Extension.swift */; };
		EFF08E082670D64900770F3C /* UIDevice+Extension.swift in Sources */ = {isa = PBXBuildFile; fileRef = EFF08E062670D64900770F3C /* UIDevice+Extension.swift */; };
		EFF08E092670D64900770F3C /* UIDevice+Extension.swift in Sources */ = {isa = PBXBuildFile; fileRef = EFF08E062670D64900770F3C /* UIDevice+Extension.swift */; };
		EFF08E0C2670D6E700770F3C /* StorageUsageView.swift in Sources */ = {isa = PBXBuildFile; fileRef = EFF08E0B2670D6E700770F3C /* StorageUsageView.swift */; };
		EFF08E0D2670D6E700770F3C /* StorageUsageView.swift in Sources */ = {isa = PBXBuildFile; fileRef = EFF08E0B2670D6E700770F3C /* StorageUsageView.swift */; };
		EFF08E0E2670D6E700770F3C /* StorageUsageView.swift in Sources */ = {isa = PBXBuildFile; fileRef = EFF08E0B2670D6E700770F3C /* StorageUsageView.swift */; };
		EFF307632670987F00D5E1F4 /* WidgeterApp.swift in Sources */ = {isa = PBXBuildFile; fileRef = EFF307502670987D00D5E1F4 /* WidgeterApp.swift */; };
		EFF307642670987F00D5E1F4 /* WidgeterApp.swift in Sources */ = {isa = PBXBuildFile; fileRef = EFF307502670987D00D5E1F4 /* WidgeterApp.swift */; };
		EFF307652670987F00D5E1F4 /* ContentView.swift in Sources */ = {isa = PBXBuildFile; fileRef = EFF307512670987D00D5E1F4 /* ContentView.swift */; };
		EFF307662670987F00D5E1F4 /* ContentView.swift in Sources */ = {isa = PBXBuildFile; fileRef = EFF307512670987D00D5E1F4 /* ContentView.swift */; };
		EFF307672670987F00D5E1F4 /* Assets.xcassets in Resources */ = {isa = PBXBuildFile; fileRef = EFF307522670987F00D5E1F4 /* Assets.xcassets */; };
		EFF307682670987F00D5E1F4 /* Assets.xcassets in Resources */ = {isa = PBXBuildFile; fileRef = EFF307522670987F00D5E1F4 /* Assets.xcassets */; };
		EFF30777267099AE00D5E1F4 /* Store.swift in Sources */ = {isa = PBXBuildFile; fileRef = EFF30772267099AE00D5E1F4 /* Store.swift */; };
		EFF30778267099AE00D5E1F4 /* Store.swift in Sources */ = {isa = PBXBuildFile; fileRef = EFF30772267099AE00D5E1F4 /* Store.swift */; };
		EFF30779267099AE00D5E1F4 /* AppError.swift in Sources */ = {isa = PBXBuildFile; fileRef = EFF30773267099AE00D5E1F4 /* AppError.swift */; };
		EFF3077A267099AE00D5E1F4 /* AppError.swift in Sources */ = {isa = PBXBuildFile; fileRef = EFF30773267099AE00D5E1F4 /* AppError.swift */; };
		EFF3077B267099AE00D5E1F4 /* AppState.swift in Sources */ = {isa = PBXBuildFile; fileRef = EFF30774267099AE00D5E1F4 /* AppState.swift */; };
		EFF3077C267099AE00D5E1F4 /* AppState.swift in Sources */ = {isa = PBXBuildFile; fileRef = EFF30774267099AE00D5E1F4 /* AppState.swift */; };
		EFF3077D267099AE00D5E1F4 /* AppAction.swift in Sources */ = {isa = PBXBuildFile; fileRef = EFF30775267099AE00D5E1F4 /* AppAction.swift */; };
		EFF3077E267099AE00D5E1F4 /* AppAction.swift in Sources */ = {isa = PBXBuildFile; fileRef = EFF30775267099AE00D5E1F4 /* AppAction.swift */; };
		EFF3077F267099AE00D5E1F4 /* AppCommand.swift in Sources */ = {isa = PBXBuildFile; fileRef = EFF30776267099AE00D5E1F4 /* AppCommand.swift */; };
		EFF30780267099AE00D5E1F4 /* AppCommand.swift in Sources */ = {isa = PBXBuildFile; fileRef = EFF30776267099AE00D5E1F4 /* AppCommand.swift */; };
		EFF3078626709B6600D5E1F4 /* AppConfiguration.swift in Sources */ = {isa = PBXBuildFile; fileRef = EFF3078526709B6600D5E1F4 /* AppConfiguration.swift */; };
		EFF3078726709B6600D5E1F4 /* AppConfiguration.swift in Sources */ = {isa = PBXBuildFile; fileRef = EFF3078526709B6600D5E1F4 /* AppConfiguration.swift */; };
		EFF3078F2670B61700D5E1F4 /* HealthKit.framework in Frameworks */ = {isa = PBXBuildFile; fileRef = EFF3078E2670B61700D5E1F4 /* HealthKit.framework */; };
/* End PBXBuildFile section */

/* Begin PBXContainerItemProxy section */
		EFF08DFA2670C81D00770F3C /* PBXContainerItemProxy */ = {
			isa = PBXContainerItemProxy;
			containerPortal = EFF3074B2670987D00D5E1F4 /* Project object */;
			proxyType = 1;
			remoteGlobalIDString = EFF08DEB2670C81C00770F3C;
			remoteInfo = widgetExtension;
		};
/* End PBXContainerItemProxy section */

/* Begin PBXCopyFilesBuildPhase section */
		EFF08DFD2670C81D00770F3C /* Embed App Extensions */ = {
			isa = PBXCopyFilesBuildPhase;
			buildActionMask = 2147483647;
			dstPath = "";
			dstSubfolderSpec = 13;
			files = (
				EFF08DFC2670C81D00770F3C /* widgetExtension.appex in Embed App Extensions */,
			);
			name = "Embed App Extensions";
			runOnlyForDeploymentPostprocessing = 0;
		};
/* End PBXCopyFilesBuildPhase section */

/* Begin PBXFileReference section */
		EFF08DEC2670C81C00770F3C /* widgetExtension.appex */ = {isa = PBXFileReference; explicitFileType = "wrapper.app-extension"; includeInIndex = 0; path = widgetExtension.appex; sourceTree = BUILT_PRODUCTS_DIR; };
		EFF08DED2670C81C00770F3C /* WidgetKit.framework */ = {isa = PBXFileReference; lastKnownFileType = wrapper.framework; name = WidgetKit.framework; path = System/Library/Frameworks/WidgetKit.framework; sourceTree = SDKROOT; };
		EFF08DEF2670C81C00770F3C /* SwiftUI.framework */ = {isa = PBXFileReference; lastKnownFileType = wrapper.framework; name = SwiftUI.framework; path = System/Library/Frameworks/SwiftUI.framework; sourceTree = SDKROOT; };
		EFF08DF22670C81C00770F3C /* widget.swift */ = {isa = PBXFileReference; lastKnownFileType = sourcecode.swift; path = widget.swift; sourceTree = "<group>"; };
		EFF08DF42670C81C00770F3C /* widget.intentdefinition */ = {isa = PBXFileReference; lastKnownFileType = file.intentdefinition; path = widget.intentdefinition; sourceTree = "<group>"; };
		EFF08DF52670C81D00770F3C /* Assets.xcassets */ = {isa = PBXFileReference; lastKnownFileType = folder.assetcatalog; path = Assets.xcassets; sourceTree = "<group>"; };
		EFF08DF72670C81D00770F3C /* Info.plist */ = {isa = PBXFileReference; lastKnownFileType = text.plist.xml; path = Info.plist; sourceTree = "<group>"; };
		EFF08E012670C91700770F3C /* widgetExtension.entitlements */ = {isa = PBXFileReference; lastKnownFileType = text.plist.entitlements; path = widgetExtension.entitlements; sourceTree = "<group>"; };
		EFF08E022670D0D400770F3C /* BaterryView.swift */ = {isa = PBXFileReference; lastKnownFileType = sourcecode.swift; path = BaterryView.swift; sourceTree = "<group>"; };
		EFF08E062670D64900770F3C /* UIDevice+Extension.swift */ = {isa = PBXFileReference; lastKnownFileType = sourcecode.swift; path = "UIDevice+Extension.swift"; sourceTree = "<group>"; };
		EFF08E0B2670D6E700770F3C /* StorageUsageView.swift */ = {isa = PBXFileReference; lastKnownFileType = sourcecode.swift; path = StorageUsageView.swift; sourceTree = "<group>"; };
		EFF307502670987D00D5E1F4 /* WidgeterApp.swift */ = {isa = PBXFileReference; lastKnownFileType = sourcecode.swift; path = WidgeterApp.swift; sourceTree = "<group>"; };
		EFF307512670987D00D5E1F4 /* ContentView.swift */ = {isa = PBXFileReference; lastKnownFileType = sourcecode.swift; path = ContentView.swift; sourceTree = "<group>"; };
		EFF307522670987F00D5E1F4 /* Assets.xcassets */ = {isa = PBXFileReference; lastKnownFileType = folder.assetcatalog; path = Assets.xcassets; sourceTree = "<group>"; };
		EFF307572670987F00D5E1F4 /* Widgeter.app */ = {isa = PBXFileReference; explicitFileType = wrapper.application; includeInIndex = 0; path = Widgeter.app; sourceTree = BUILT_PRODUCTS_DIR; };
		EFF3075A2670987F00D5E1F4 /* Info.plist */ = {isa = PBXFileReference; lastKnownFileType = text.plist.xml; path = Info.plist; sourceTree = "<group>"; };
		EFF3075F2670987F00D5E1F4 /* Widgeter.app */ = {isa = PBXFileReference; explicitFileType = wrapper.application; includeInIndex = 0; path = Widgeter.app; sourceTree = BUILT_PRODUCTS_DIR; };
		EFF307612670987F00D5E1F4 /* Info.plist */ = {isa = PBXFileReference; lastKnownFileType = text.plist.xml; path = Info.plist; sourceTree = "<group>"; };
		EFF307622670987F00D5E1F4 /* macOS.entitlements */ = {isa = PBXFileReference; lastKnownFileType = text.plist.entitlements; path = macOS.entitlements; sourceTree = "<group>"; };
		EFF30772267099AE00D5E1F4 /* Store.swift */ = {isa = PBXFileReference; fileEncoding = 4; lastKnownFileType = sourcecode.swift; path = Store.swift; sourceTree = "<group>"; };
		EFF30773267099AE00D5E1F4 /* AppError.swift */ = {isa = PBXFileReference; fileEncoding = 4; lastKnownFileType = sourcecode.swift; path = AppError.swift; sourceTree = "<group>"; };
		EFF30774267099AE00D5E1F4 /* AppState.swift */ = {isa = PBXFileReference; fileEncoding = 4; lastKnownFileType = sourcecode.swift; path = AppState.swift; sourceTree = "<group>"; };
		EFF30775267099AE00D5E1F4 /* AppAction.swift */ = {isa = PBXFileReference; fileEncoding = 4; lastKnownFileType = sourcecode.swift; path = AppAction.swift; sourceTree = "<group>"; };
		EFF30776267099AE00D5E1F4 /* AppCommand.swift */ = {isa = PBXFileReference; fileEncoding = 4; lastKnownFileType = sourcecode.swift; path = AppCommand.swift; sourceTree = "<group>"; };
		EFF3078526709B6600D5E1F4 /* AppConfiguration.swift */ = {isa = PBXFileReference; lastKnownFileType = sourcecode.swift; path = AppConfiguration.swift; sourceTree = "<group>"; };
		EFF3078C2670B61700D5E1F4 /* Widgeter.entitlements */ = {isa = PBXFileReference; lastKnownFileType = text.plist.entitlements; path = Widgeter.entitlements; sourceTree = "<group>"; };
		EFF3078E2670B61700D5E1F4 /* HealthKit.framework */ = {isa = PBXFileReference; lastKnownFileType = wrapper.framework; name = HealthKit.framework; path = Platforms/iPhoneOS.platform/Developer/SDKs/iPhoneOS14.5.sdk/System/Library/Frameworks/HealthKit.framework; sourceTree = DEVELOPER_DIR; };
/* End PBXFileReference section */

/* Begin PBXFrameworksBuildPhase section */
		EFF08DE92670C81C00770F3C /* Frameworks */ = {
			isa = PBXFrameworksBuildPhase;
			buildActionMask = 2147483647;
			files = (
				EFF08DF02670C81C00770F3C /* SwiftUI.framework in Frameworks */,
				EFF08DEE2670C81C00770F3C /* WidgetKit.framework in Frameworks */,
			);
			runOnlyForDeploymentPostprocessing = 0;
		};
		EFF307542670987F00D5E1F4 /* Frameworks */ = {
			isa = PBXFrameworksBuildPhase;
			buildActionMask = 2147483647;
			files = (
				EFF3078F2670B61700D5E1F4 /* HealthKit.framework in Frameworks */,
			);
			runOnlyForDeploymentPostprocessing = 0;
		};
		EFF3075C2670987F00D5E1F4 /* Frameworks */ = {
			isa = PBXFrameworksBuildPhase;
			buildActionMask = 2147483647;
			files = (
			);
			runOnlyForDeploymentPostprocessing = 0;
		};
/* End PBXFrameworksBuildPhase section */

/* Begin PBXGroup section */
		EFF08DF12670C81C00770F3C /* widget */ = {
			isa = PBXGroup;
			children = (
				EFF08DF22670C81C00770F3C /* widget.swift */,
				EFF08DF42670C81C00770F3C /* widget.intentdefinition */,
				EFF08DF52670C81D00770F3C /* Assets.xcassets */,
				EFF08DF72670C81D00770F3C /* Info.plist */,
			);
			path = widget;
			sourceTree = "<group>";
		};
		EFF08E0A2670D6B600770F3C /* View */ = {
			isa = PBXGroup;
			children = (
				EFF08E022670D0D400770F3C /* BaterryView.swift */,
				EFF08E0B2670D6E700770F3C /* StorageUsageView.swift */,
			);
			path = View;
			sourceTree = "<group>";
		};
		EFF3074A2670987D00D5E1F4 = {
			isa = PBXGroup;
			children = (
				EFF08E012670C91700770F3C /* widgetExtension.entitlements */,
				EFF3078C2670B61700D5E1F4 /* Widgeter.entitlements */,
				EFF3074F2670987D00D5E1F4 /* Shared */,
				EFF307592670987F00D5E1F4 /* iOS */,
				EFF307602670987F00D5E1F4 /* macOS */,
				EFF08DF12670C81C00770F3C /* widget */,
				EFF307582670987F00D5E1F4 /* Products */,
				EFF3078D2670B61700D5E1F4 /* Frameworks */,
			);
			sourceTree = "<group>";
		};
		EFF3074F2670987D00D5E1F4 /* Shared */ = {
			isa = PBXGroup;
			children = (
				EFF307882670AD6300D5E1F4 /* Extension */,
				EFF3078526709B6600D5E1F4 /* AppConfiguration.swift */,
				EFF3078126709A3A00D5E1F4 /* Model */,
				EFF307712670998D00D5E1F4 /* State */,
				EFF08E0A2670D6B600770F3C /* View */,
				EFF307502670987D00D5E1F4 /* WidgeterApp.swift */,
				EFF307512670987D00D5E1F4 /* ContentView.swift */,
				EFF307522670987F00D5E1F4 /* Assets.xcassets */,
			);
			path = Shared;
			sourceTree = "<group>";
		};
		EFF307582670987F00D5E1F4 /* Products */ = {
			isa = PBXGroup;
			children = (
				EFF307572670987F00D5E1F4 /* Widgeter.app */,
				EFF3075F2670987F00D5E1F4 /* Widgeter.app */,
				EFF08DEC2670C81C00770F3C /* widgetExtension.appex */,
			);
			name = Products;
			sourceTree = "<group>";
		};
		EFF307592670987F00D5E1F4 /* iOS */ = {
			isa = PBXGroup;
			children = (
				EFF3075A2670987F00D5E1F4 /* Info.plist */,
			);
			path = iOS;
			sourceTree = "<group>";
		};
		EFF307602670987F00D5E1F4 /* macOS */ = {
			isa = PBXGroup;
			children = (
				EFF307612670987F00D5E1F4 /* Info.plist */,
				EFF307622670987F00D5E1F4 /* macOS.entitlements */,
			);
			path = macOS;
			sourceTree = "<group>";
		};
		EFF307712670998D00D5E1F4 /* State */ = {
			isa = PBXGroup;
			children = (
				EFF30775267099AE00D5E1F4 /* AppAction.swift */,
				EFF30776267099AE00D5E1F4 /* AppCommand.swift */,
				EFF30773267099AE00D5E1F4 /* AppError.swift */,
				EFF30774267099AE00D5E1F4 /* AppState.swift */,
				EFF30772267099AE00D5E1F4 /* Store.swift */,
			);
			path = State;
			sourceTree = "<group>";
		};
		EFF3078126709A3A00D5E1F4 /* Model */ = {
			isa = PBXGroup;
			children = (
			);
			path = Model;
			sourceTree = "<group>";
		};
		EFF307882670AD6300D5E1F4 /* Extension */ = {
			isa = PBXGroup;
			children = (
				EFF08E062670D64900770F3C /* UIDevice+Extension.swift */,
			);
			path = Extension;
			sourceTree = "<group>";
		};
		EFF3078D2670B61700D5E1F4 /* Frameworks */ = {
			isa = PBXGroup;
			children = (
				EFF3078E2670B61700D5E1F4 /* HealthKit.framework */,
				EFF08DED2670C81C00770F3C /* WidgetKit.framework */,
				EFF08DEF2670C81C00770F3C /* SwiftUI.framework */,
			);
			name = Frameworks;
			sourceTree = "<group>";
		};
/* End PBXGroup section */

/* Begin PBXNativeTarget section */
		EFF08DEB2670C81C00770F3C /* widgetExtension */ = {
			isa = PBXNativeTarget;
			buildConfigurationList = EFF08E002670C81D00770F3C /* Build configuration list for PBXNativeTarget "widgetExtension" */;
			buildPhases = (
				EFF08DE82670C81C00770F3C /* Sources */,
				EFF08DE92670C81C00770F3C /* Frameworks */,
				EFF08DEA2670C81C00770F3C /* Resources */,
			);
			buildRules = (
			);
			dependencies = (
			);
			name = widgetExtension;
			productName = widgetExtension;
			productReference = EFF08DEC2670C81C00770F3C /* widgetExtension.appex */;
			productType = "com.apple.product-type.app-extension";
		};
		EFF307562670987F00D5E1F4 /* Widgeter (iOS) */ = {
			isa = PBXNativeTarget;
			buildConfigurationList = EFF3076B2670987F00D5E1F4 /* Build configuration list for PBXNativeTarget "Widgeter (iOS)" */;
			buildPhases = (
				EFF307532670987F00D5E1F4 /* Sources */,
				EFF307542670987F00D5E1F4 /* Frameworks */,
				EFF307552670987F00D5E1F4 /* Resources */,
				EFF08DFD2670C81D00770F3C /* Embed App Extensions */,
			);
			buildRules = (
			);
			dependencies = (
				EFF08DFB2670C81D00770F3C /* PBXTargetDependency */,
			);
			name = "Widgeter (iOS)";
			productName = "Widgeter (iOS)";
			productReference = EFF307572670987F00D5E1F4 /* Widgeter.app */;
			productType = "com.apple.product-type.application";
		};
		EFF3075E2670987F00D5E1F4 /* Widgeter (macOS) */ = {
			isa = PBXNativeTarget;
			buildConfigurationList = EFF3076E2670987F00D5E1F4 /* Build configuration list for PBXNativeTarget "Widgeter (macOS)" */;
			buildPhases = (
				EFF3075B2670987F00D5E1F4 /* Sources */,
				EFF3075C2670987F00D5E1F4 /* Frameworks */,
				EFF3075D2670987F00D5E1F4 /* Resources */,
			);
			buildRules = (
			);
			dependencies = (
			);
			name = "Widgeter (macOS)";
			productName = "Widgeter (macOS)";
			productReference = EFF3075F2670987F00D5E1F4 /* Widgeter.app */;
			productType = "com.apple.product-type.application";
		};
/* End PBXNativeTarget section */

/* Begin PBXProject section */
		EFF3074B2670987D00D5E1F4 /* Project object */ = {
			isa = PBXProject;
			attributes = {
				LastSwiftUpdateCheck = 1250;
				LastUpgradeCheck = 1250;
				TargetAttributes = {
					EFF08DEB2670C81C00770F3C = {
						CreatedOnToolsVersion = 12.5;
					};
					EFF307562670987F00D5E1F4 = {
						CreatedOnToolsVersion = 12.5;
					};
					EFF3075E2670987F00D5E1F4 = {
						CreatedOnToolsVersion = 12.5;
					};
				};
			};
			buildConfigurationList = EFF3074E2670987D00D5E1F4 /* Build configuration list for PBXProject "Widgeter" */;
			compatibilityVersion = "Xcode 9.3";
			developmentRegion = en;
			hasScannedForEncodings = 0;
			knownRegions = (
				en,
				Base,
			);
			mainGroup = EFF3074A2670987D00D5E1F4;
			productRefGroup = EFF307582670987F00D5E1F4 /* Products */;
			projectDirPath = "";
			projectRoot = "";
			targets = (
				EFF307562670987F00D5E1F4 /* Widgeter (iOS) */,
				EFF3075E2670987F00D5E1F4 /* Widgeter (macOS) */,
				EFF08DEB2670C81C00770F3C /* widgetExtension */,
			);
		};
/* End PBXProject section */

/* Begin PBXResourcesBuildPhase section */
		EFF08DEA2670C81C00770F3C /* Resources */ = {
			isa = PBXResourcesBuildPhase;
			buildActionMask = 2147483647;
			files = (
				EFF08DF62670C81D00770F3C /* Assets.xcassets in Resources */,
			);
			runOnlyForDeploymentPostprocessing = 0;
		};
		EFF307552670987F00D5E1F4 /* Resources */ = {
			isa = PBXResourcesBuildPhase;
			buildActionMask = 2147483647;
			files = (
				EFF307672670987F00D5E1F4 /* Assets.xcassets in Resources */,
			);
			runOnlyForDeploymentPostprocessing = 0;
		};
		EFF3075D2670987F00D5E1F4 /* Resources */ = {
			isa = PBXResourcesBuildPhase;
			buildActionMask = 2147483647;
			files = (
				EFF307682670987F00D5E1F4 /* Assets.xcassets in Resources */,
			);
			runOnlyForDeploymentPostprocessing = 0;
		};
/* End PBXResourcesBuildPhase section */

/* Begin PBXSourcesBuildPhase section */
		EFF08DE82670C81C00770F3C /* Sources */ = {
			isa = PBXSourcesBuildPhase;
			buildActionMask = 2147483647;
			files = (
				EFF08E052670D0D400770F3C /* BaterryView.swift in Sources */,
				EFF08E092670D64900770F3C /* UIDevice+Extension.swift in Sources */,
				EFF08E0E2670D6E700770F3C /* StorageUsageView.swift in Sources */,
				EFF08DF82670C81D00770F3C /* widget.intentdefinition in Sources */,
				EFF08DF32670C81C00770F3C /* widget.swift in Sources */,
			);
			runOnlyForDeploymentPostprocessing = 0;
		};
		EFF307532670987F00D5E1F4 /* Sources */ = {
			isa = PBXSourcesBuildPhase;
			buildActionMask = 2147483647;
			files = (
				EFF30779267099AE00D5E1F4 /* AppError.swift in Sources */,
				EFF3077D267099AE00D5E1F4 /* AppAction.swift in Sources */,
				EFF08E0C2670D6E700770F3C /* StorageUsageView.swift in Sources */,
				EFF08E032670D0D400770F3C /* BaterryView.swift in Sources */,
				EFF08E072670D64900770F3C /* UIDevice+Extension.swift in Sources */,
				EFF3078626709B6600D5E1F4 /* AppConfiguration.swift in Sources */,
				EFF08DF92670C81D00770F3C /* widget.intentdefinition in Sources */,
				EFF3077F267099AE00D5E1F4 /* AppCommand.swift in Sources */,
				EFF3077B267099AE00D5E1F4 /* AppState.swift in Sources */,
				EFF30777267099AE00D5E1F4 /* Store.swift in Sources */,
				EFF307652670987F00D5E1F4 /* ContentView.swift in Sources */,
				EFF307632670987F00D5E1F4 /* WidgeterApp.swift in Sources */,
			);
			runOnlyForDeploymentPostprocessing = 0;
		};
		EFF3075B2670987F00D5E1F4 /* Sources */ = {
			isa = PBXSourcesBuildPhase;
			buildActionMask = 2147483647;
			files = (
				EFF3077A267099AE00D5E1F4 /* AppError.swift in Sources */,
				EFF3077E267099AE00D5E1F4 /* AppAction.swift in Sources */,
				EFF3078726709B6600D5E1F4 /* AppConfiguration.swift in Sources */,
				EFF08E082670D64900770F3C /* UIDevice+Extension.swift in Sources */,
				EFF08E042670D0D400770F3C /* BaterryView.swift in Sources */,
				EFF30780267099AE00D5E1F4 /* AppCommand.swift in Sources */,
				EFF3077C267099AE00D5E1F4 /* AppState.swift in Sources */,
				EFF30778267099AE00D5E1F4 /* Store.swift in Sources */,
				EFF307662670987F00D5E1F4 /* ContentView.swift in Sources */,
				EFF307642670987F00D5E1F4 /* WidgeterApp.swift in Sources */,
				EFF08E0D2670D6E700770F3C /* StorageUsageView.swift in Sources */,
			);
			runOnlyForDeploymentPostprocessing = 0;
		};
/* End PBXSourcesBuildPhase section */

/* Begin PBXTargetDependency section */
		EFF08DFB2670C81D00770F3C /* PBXTargetDependency */ = {
			isa = PBXTargetDependency;
			target = EFF08DEB2670C81C00770F3C /* widgetExtension */;
			targetProxy = EFF08DFA2670C81D00770F3C /* PBXContainerItemProxy */;
		};
/* End PBXTargetDependency section */

/* Begin XCBuildConfiguration section */
		EFF08DFE2670C81D00770F3C /* Debug */ = {
			isa = XCBuildConfiguration;
			buildSettings = {
				ASSETCATALOG_COMPILER_GLOBAL_ACCENT_COLOR_NAME = AccentColor;
				ASSETCATALOG_COMPILER_WIDGET_BACKGROUND_COLOR_NAME = WidgetBackground;
				CODE_SIGN_ENTITLEMENTS = widgetExtension.entitlements;
				CODE_SIGN_IDENTITY = "Apple Development";
				CODE_SIGN_STYLE = Manual;
				DEVELOPMENT_TEAM = D6NGHAR2FG;
				INFOPLIST_FILE = widget/Info.plist;
				IPHONEOS_DEPLOYMENT_TARGET = 14.5;
				LD_RUNPATH_SEARCH_PATHS = (
					"$(inherited)",
					"@executable_path/Frameworks",
					"@executable_path/../../Frameworks",
				);
				PRODUCT_BUNDLE_IDENTIFIER = com.teenloong.Widgeter.widget;
				PRODUCT_NAME = "$(TARGET_NAME)";
				PROVISIONING_PROFILE_SPECIFIER = "";
				SDKROOT = iphoneos;
				SKIP_INSTALL = YES;
				SWIFT_VERSION = 5.0;
				TARGETED_DEVICE_FAMILY = "1,2";
			};
			name = Debug;
		};
		EFF08DFF2670C81D00770F3C /* Release */ = {
			isa = XCBuildConfiguration;
			buildSettings = {
				ASSETCATALOG_COMPILER_GLOBAL_ACCENT_COLOR_NAME = AccentColor;
				ASSETCATALOG_COMPILER_WIDGET_BACKGROUND_COLOR_NAME = WidgetBackground;
				CODE_SIGN_ENTITLEMENTS = widgetExtension.entitlements;
				CODE_SIGN_IDENTITY = "Apple Development";
				CODE_SIGN_STYLE = Manual;
				DEVELOPMENT_TEAM = "";
				INFOPLIST_FILE = widget/Info.plist;
				IPHONEOS_DEPLOYMENT_TARGET = 14.5;
				LD_RUNPATH_SEARCH_PATHS = (
					"$(inherited)",
					"@executable_path/Frameworks",
					"@executable_path/../../Frameworks",
				);
				PRODUCT_BUNDLE_IDENTIFIER = com.teenloong.Widgeter.widget;
				PRODUCT_NAME = "$(TARGET_NAME)";
				PROVISIONING_PROFILE_SPECIFIER = "";
				SDKROOT = iphoneos;
				SKIP_INSTALL = YES;
				SWIFT_VERSION = 5.0;
				TARGETED_DEVICE_FAMILY = "1,2";
				VALIDATE_PRODUCT = YES;
			};
			name = Release;
		};
		EFF307692670987F00D5E1F4 /* Debug */ = {
			isa = XCBuildConfiguration;
			buildSettings = {
				ALWAYS_SEARCH_USER_PATHS = NO;
				CLANG_ANALYZER_NONNULL = YES;
				CLANG_ANALYZER_NUMBER_OBJECT_CONVERSION = YES_AGGRESSIVE;
				CLANG_CXX_LANGUAGE_STANDARD = "gnu++14";
				CLANG_CXX_LIBRARY = "libc++";
				CLANG_ENABLE_MODULES = YES;
				CLANG_ENABLE_OBJC_ARC = YES;
				CLANG_ENABLE_OBJC_WEAK = YES;
				CLANG_WARN_BLOCK_CAPTURE_AUTORELEASING = YES;
				CLANG_WARN_BOOL_CONVERSION = YES;
				CLANG_WARN_COMMA = YES;
				CLANG_WARN_CONSTANT_CONVERSION = YES;
				CLANG_WARN_DEPRECATED_OBJC_IMPLEMENTATIONS = YES;
				CLANG_WARN_DIRECT_OBJC_ISA_USAGE = YES_ERROR;
				CLANG_WARN_DOCUMENTATION_COMMENTS = YES;
				CLANG_WARN_EMPTY_BODY = YES;
				CLANG_WARN_ENUM_CONVERSION = YES;
				CLANG_WARN_INFINITE_RECURSION = YES;
				CLANG_WARN_INT_CONVERSION = YES;
				CLANG_WARN_NON_LITERAL_NULL_CONVERSION = YES;
				CLANG_WARN_OBJC_IMPLICIT_RETAIN_SELF = YES;
				CLANG_WARN_OBJC_LITERAL_CONVERSION = YES;
				CLANG_WARN_OBJC_ROOT_CLASS = YES_ERROR;
				CLANG_WARN_QUOTED_INCLUDE_IN_FRAMEWORK_HEADER = YES;
				CLANG_WARN_RANGE_LOOP_ANALYSIS = YES;
				CLANG_WARN_STRICT_PROTOTYPES = YES;
				CLANG_WARN_SUSPICIOUS_MOVE = YES;
				CLANG_WARN_UNGUARDED_AVAILABILITY = YES_AGGRESSIVE;
				CLANG_WARN_UNREACHABLE_CODE = YES;
				CLANG_WARN__DUPLICATE_METHOD_MATCH = YES;
				COPY_PHASE_STRIP = NO;
				DEBUG_INFORMATION_FORMAT = dwarf;
				ENABLE_STRICT_OBJC_MSGSEND = YES;
				ENABLE_TESTABILITY = YES;
				GCC_C_LANGUAGE_STANDARD = gnu11;
				GCC_DYNAMIC_NO_PIC = NO;
				GCC_NO_COMMON_BLOCKS = YES;
				GCC_OPTIMIZATION_LEVEL = 0;
				GCC_PREPROCESSOR_DEFINITIONS = (
					"DEBUG=1",
					"$(inherited)",
				);
				GCC_WARN_64_TO_32_BIT_CONVERSION = YES;
				GCC_WARN_ABOUT_RETURN_TYPE = YES_ERROR;
				GCC_WARN_UNDECLARED_SELECTOR = YES;
				GCC_WARN_UNINITIALIZED_AUTOS = YES_AGGRESSIVE;
				GCC_WARN_UNUSED_FUNCTION = YES;
				GCC_WARN_UNUSED_VARIABLE = YES;
				MTL_ENABLE_DEBUG_INFO = INCLUDE_SOURCE;
				MTL_FAST_MATH = YES;
				ONLY_ACTIVE_ARCH = YES;
				SWIFT_ACTIVE_COMPILATION_CONDITIONS = DEBUG;
				SWIFT_OPTIMIZATION_LEVEL = "-Onone";
			};
			name = Debug;
		};
		EFF3076A2670987F00D5E1F4 /* Release */ = {
			isa = XCBuildConfiguration;
			buildSettings = {
				ALWAYS_SEARCH_USER_PATHS = NO;
				CLANG_ANALYZER_NONNULL = YES;
				CLANG_ANALYZER_NUMBER_OBJECT_CONVERSION = YES_AGGRESSIVE;
				CLANG_CXX_LANGUAGE_STANDARD = "gnu++14";
				CLANG_CXX_LIBRARY = "libc++";
				CLANG_ENABLE_MODULES = YES;
				CLANG_ENABLE_OBJC_ARC = YES;
				CLANG_ENABLE_OBJC_WEAK = YES;
				CLANG_WARN_BLOCK_CAPTURE_AUTORELEASING = YES;
				CLANG_WARN_BOOL_CONVERSION = YES;
				CLANG_WARN_COMMA = YES;
				CLANG_WARN_CONSTANT_CONVERSION = YES;
				CLANG_WARN_DEPRECATED_OBJC_IMPLEMENTATIONS = YES;
				CLANG_WARN_DIRECT_OBJC_ISA_USAGE = YES_ERROR;
				CLANG_WARN_DOCUMENTATION_COMMENTS = YES;
				CLANG_WARN_EMPTY_BODY = YES;
				CLANG_WARN_ENUM_CONVERSION = YES;
				CLANG_WARN_INFINITE_RECURSION = YES;
				CLANG_WARN_INT_CONVERSION = YES;
				CLANG_WARN_NON_LITERAL_NULL_CONVERSION = YES;
				CLANG_WARN_OBJC_IMPLICIT_RETAIN_SELF = YES;
				CLANG_WARN_OBJC_LITERAL_CONVERSION = YES;
				CLANG_WARN_OBJC_ROOT_CLASS = YES_ERROR;
				CLANG_WARN_QUOTED_INCLUDE_IN_FRAMEWORK_HEADER = YES;
				CLANG_WARN_RANGE_LOOP_ANALYSIS = YES;
				CLANG_WARN_STRICT_PROTOTYPES = YES;
				CLANG_WARN_SUSPICIOUS_MOVE = YES;
				CLANG_WARN_UNGUARDED_AVAILABILITY = YES_AGGRESSIVE;
				CLANG_WARN_UNREACHABLE_CODE = YES;
				CLANG_WARN__DUPLICATE_METHOD_MATCH = YES;
				COPY_PHASE_STRIP = NO;
				DEBUG_INFORMATION_FORMAT = "dwarf-with-dsym";
				ENABLE_NS_ASSERTIONS = NO;
				ENABLE_STRICT_OBJC_MSGSEND = YES;
				GCC_C_LANGUAGE_STANDARD = gnu11;
				GCC_NO_COMMON_BLOCKS = YES;
				GCC_WARN_64_TO_32_BIT_CONVERSION = YES;
				GCC_WARN_ABOUT_RETURN_TYPE = YES_ERROR;
				GCC_WARN_UNDECLARED_SELECTOR = YES;
				GCC_WARN_UNINITIALIZED_AUTOS = YES_AGGRESSIVE;
				GCC_WARN_UNUSED_FUNCTION = YES;
				GCC_WARN_UNUSED_VARIABLE = YES;
				MTL_ENABLE_DEBUG_INFO = NO;
				MTL_FAST_MATH = YES;
				SWIFT_COMPILATION_MODE = wholemodule;
				SWIFT_OPTIMIZATION_LEVEL = "-O";
			};
			name = Release;
		};
		EFF3076C2670987F00D5E1F4 /* Debug */ = {
			isa = XCBuildConfiguration;
			buildSettings = {
				ALWAYS_EMBED_SWIFT_STANDARD_LIBRARIES = YES;
				ASSETCATALOG_COMPILER_APPICON_NAME = AppIcon;
				ASSETCATALOG_COMPILER_GLOBAL_ACCENT_COLOR_NAME = AccentColor;
				CODE_SIGN_ENTITLEMENTS = Widgeter.entitlements;
				CODE_SIGN_IDENTITY = "Apple Development";
				CODE_SIGN_STYLE = Manual;
				DEVELOPMENT_TEAM = "";
				ENABLE_PREVIEWS = YES;
				INFOPLIST_FILE = iOS/Info.plist;
				IPHONEOS_DEPLOYMENT_TARGET = 14.0;
				LD_RUNPATH_SEARCH_PATHS = (
					"$(inherited)",
					"@executable_path/Frameworks",
				);
				PRODUCT_BUNDLE_IDENTIFIER = com.teenloong.Widgeter;
				PRODUCT_NAME = Widgeter;
				PROVISIONING_PROFILE_SPECIFIER = "";
				SDKROOT = iphoneos;
				SWIFT_VERSION = 5.0;
				TARGETED_DEVICE_FAMILY = "1,2";
			};
			name = Debug;
		};
		EFF3076D2670987F00D5E1F4 /* Release */ = {
			isa = XCBuildConfiguration;
			buildSettings = {
				ALWAYS_EMBED_SWIFT_STANDARD_LIBRARIES = YES;
				ASSETCATALOG_COMPILER_APPICON_NAME = AppIcon;
				ASSETCATALOG_COMPILER_GLOBAL_ACCENT_COLOR_NAME = AccentColor;
				CODE_SIGN_ENTITLEMENTS = Widgeter.entitlements;
				CODE_SIGN_IDENTITY = "Apple Development";
				CODE_SIGN_STYLE = Manual;
				DEVELOPMENT_TEAM = "";
				ENABLE_PREVIEWS = YES;
				INFOPLIST_FILE = iOS/Info.plist;
				IPHONEOS_DEPLOYMENT_TARGET = 14.0;
				LD_RUNPATH_SEARCH_PATHS = (
					"$(inherited)",
					"@executable_path/Frameworks",
				);
				PRODUCT_BUNDLE_IDENTIFIER = com.teenloong.Widgeter;
				PRODUCT_NAME = Widgeter;
				PROVISIONING_PROFILE_SPECIFIER = "";
				SDKROOT = iphoneos;
				SWIFT_VERSION = 5.0;
				TARGETED_DEVICE_FAMILY = "1,2";
				VALIDATE_PRODUCT = YES;
			};
			name = Release;
		};
		EFF3076F2670987F00D5E1F4 /* Debug */ = {
			isa = XCBuildConfiguration;
			buildSettings = {
				ASSETCATALOG_COMPILER_APPICON_NAME = AppIcon;
				ASSETCATALOG_COMPILER_GLOBAL_ACCENT_COLOR_NAME = AccentColor;
				CODE_SIGN_ENTITLEMENTS = macOS/macOS.entitlements;
				CODE_SIGN_STYLE = Manual;
				COMBINE_HIDPI_IMAGES = YES;
				DEVELOPMENT_TEAM = "";
				ENABLE_HARDENED_RUNTIME = YES;
				ENABLE_PREVIEWS = YES;
				INFOPLIST_FILE = macOS/Info.plist;
				LD_RUNPATH_SEARCH_PATHS = (
					"$(inherited)",
					"@executable_path/../Frameworks",
				);
				MACOSX_DEPLOYMENT_TARGET = 11.0;
				PRODUCT_BUNDLE_IDENTIFIER = com.teenloong.Widgeter;
				PRODUCT_NAME = Widgeter;
				PROVISIONING_PROFILE_SPECIFIER = "";
				SDKROOT = macosx;
				SWIFT_VERSION = 5.0;
			};
			name = Debug;
		};
		EFF307702670987F00D5E1F4 /* Release */ = {
			isa = XCBuildConfiguration;
			buildSettings = {
				ASSETCATALOG_COMPILER_APPICON_NAME = AppIcon;
				ASSETCATALOG_COMPILER_GLOBAL_ACCENT_COLOR_NAME = AccentColor;
				CODE_SIGN_ENTITLEMENTS = macOS/macOS.entitlements;
				CODE_SIGN_STYLE = Manual;
				COMBINE_HIDPI_IMAGES = YES;
				DEVELOPMENT_TEAM = "";
				ENABLE_HARDENED_RUNTIME = YES;
				ENABLE_PREVIEWS = YES;
				INFOPLIST_FILE = macOS/Info.plist;
				LD_RUNPATH_SEARCH_PATHS = (
					"$(inherited)",
					"@executable_path/../Frameworks",
				);
				MACOSX_DEPLOYMENT_TARGET = 11.0;
				PRODUCT_BUNDLE_IDENTIFIER = com.teenloong.Widgeter;
				PRODUCT_NAME = Widgeter;
				PROVISIONING_PROFILE_SPECIFIER = "";
				SDKROOT = macosx;
				SWIFT_VERSION = 5.0;
			};
			name = Release;
		};
/* End XCBuildConfiguration section */

/* Begin XCConfigurationList section */
		EFF08E002670C81D00770F3C /* Build configuration list for PBXNativeTarget "widgetExtension" */ = {
			isa = XCConfigurationList;
			buildConfigurations = (
				EFF08DFE2670C81D00770F3C /* Debug */,
				EFF08DFF2670C81D00770F3C /* Release */,
			);
			defaultConfigurationIsVisible = 0;
			defaultConfigurationName = Release;
		};
		EFF3074E2670987D00D5E1F4 /* Build configuration list for PBXProject "Widgeter" */ = {
			isa = XCConfigurationList;
			buildConfigurations = (
				EFF307692670987F00D5E1F4 /* Debug */,
				EFF3076A2670987F00D5E1F4 /* Release */,
			);
			defaultConfigurationIsVisible = 0;
			defaultConfigurationName = Release;
		};
		EFF3076B2670987F00D5E1F4 /* Build configuration list for PBXNativeTarget "Widgeter (iOS)" */ = {
			isa = XCConfigurationList;
			buildConfigurations = (
				EFF3076C2670987F00D5E1F4 /* Debug */,
				EFF3076D2670987F00D5E1F4 /* Release */,
			);
			defaultConfigurationIsVisible = 0;
			defaultConfigurationName = Release;
		};
		EFF3076E2670987F00D5E1F4 /* Build configuration list for PBXNativeTarget "Widgeter (macOS)" */ = {
			isa = XCConfigurationList;
			buildConfigurations = (
				EFF3076F2670987F00D5E1F4 /* Debug */,
				EFF307702670987F00D5E1F4 /* Release */,
			);
			defaultConfigurationIsVisible = 0;
			defaultConfigurationName = Release;
		};
/* End XCConfigurationList section */
	};
	rootObject = EFF3074B2670987D00D5E1F4 /* Project object */;
}
